
Microsoft Visual Studio Solution File, Format Version 12.00
# Visual Studio 15
VisualStudioVersion = 15.0.28010.2041
MinimumVisualStudioVersion = 10.0.40219.1
Project("{FAE04EC0-301F-11D3-BF4B-00C04F79EFBC}") = "Skribblio", "Skribblio\Skribblio.csproj", "{3EDD9C52-FF83-43B9-A700-68F72F88B300}"
EndProject
Global
	GlobalSection(SolutionConfigurationPlatforms) = preSolution
		Debug|Any CPU = Debug|Any CPU
		Release|Any CPU = Release|Any CPU
	EndGlobalSection
	GlobalSection(ProjectConfigurationPlatforms) = postSolution
		{3EDD9C52-FF83-43B9-A700-68F72F88B300}.Debug|Any CPU.ActiveCfg = Debug|Any CPU
		{3EDD9C52-FF83-43B9-A700-68F72F88B300}.Debug|Any CPU.Build.0 = Debug|Any CPU
		{3EDD9C52-FF83-43B9-A700-68F72F88B300}.Release|Any CPU.ActiveCfg = Release|Any CPU
		{3EDD9C52-FF83-43B9-A700-68F72F88B300}.Release|Any CPU.Build.0 = Release|Any CPU
	EndGlobalSection
	GlobalSection(SolutionProperties) = preSolution
		HideSolutionNode = FALSE
	EndGlobalSection
	GlobalSection(ExtensibilityGlobals) = postSolution
		SolutionGuid = {94DC1DF4-A1C0-46FC-BF92-C315F90C9245}
	EndGlobalSection
EndGlobal
